hash: d3bce755435e7cdb4420a7ed11cfef59fef9fae339164335533ea9a95fd71552
updated: 2019-10-07T14:45:25.16812+03:00
imports:
- name: github.com/go-sql-driver/mysql
  version: 72cd26f257d44c1114970e19afddcd812016007e
- name: github.com/gobwas/glob
  version: 5ccd90ef52e1e632236f7326478d4faa74f99438
  subpackages:
  - compiler
  - match
  - syntax
  - syntax/ast
  - syntax/lexer
  - util/runes
  - util/strings
- name: github.com/gorilla/handlers
  version: 8a3748addc242fc560bd6d4ff28b0374c010b1b4
- name: github.com/gorilla/mux
  version: 00bdffe0f3c77e27d2cf6f5c70232a2d3e4d9c15
- name: github.com/rs/xid
  version: 4612dfc7d89df26305fae0b5c4f81ff8cbfe2bfe
- name: github.com/rs/zerolog
  version: b806a5ecbe5347ad9ef05121fea8f4acc65fa5fc
  subpackages:
  - hlog
  - internal/cbor
  - internal/json
  - log
- name: github.com/ugorji/go
  version: 23ab95ef5dc3b70286760af84ce2327a2b64ed62
  subpackages:
  - codec
- name: github.com/zenazn/goji
  version: 25de4dfca0cdc84eec486d5c0a89b8b2f140ce51
  subpackages:
  - web/mutil
- name: gitlab.com/nyarla/go-crypt
  version: d9a5dc2b789bc330075d4b805d9b7c971f2865a1
- name: golang.org/x/sys
  version: 3b58ed4ad3395d483fc92d5d14123ce2c3581fec
  subpackages:
  - unix
  - windows
- name: google.golang.org/appengine
  version: 4216e58b9158e5f1c906f1aca75162a46a2ec88a
  subpackages:
  - cloudsql
- name: gopkg.in/yaml.v2
  version: f221b8435cfb71e54062f6c6e99e9ade30b124d5
testImports: []
