hash: 2b9d69f1bb8eda5c780d1d1c0af6f51822c45ef31d6dd63e2883d615086bb7ae
updated: 2019-02-01T21:02:58.704104985+03:00
imports:
- name: github.com/go-sql-driver/mysql
  version: 72cd26f257d44c1114970e19afddcd812016007e
- name: github.com/gobwas/glob
  version: 5ccd90ef52e1e632236f7326478d4faa74f99438
  subpackages:
  - compiler
  - match
  - syntax
  - syntax/ast
  - syntax/lexer
  - util/runes
  - util/strings
- name: github.com/gorilla/handlers
  version: 7e0847f9db758cdebd26c149d0ae9d5d0b9c98ce
- name: github.com/gorilla/mux
  version: a7962380ca08b5a188038c69871b8d3fbdf31e89
- name: github.com/rs/xid
  version: 4612dfc7d89df26305fae0b5c4f81ff8cbfe2bfe
- name: github.com/rs/zerolog
  version: 8747b7b3a51b5d08ee7ac50eaf4869edaf9f714a
  subpackages:
  - hlog
  - internal/cbor
  - internal/json
  - log
- name: github.com/ugorji/go
  version: 8fd0f8d918c8f0b52d0af210a812ba882cc31a1e
  subpackages:
  - codec
- name: github.com/zenazn/goji
  version: 25de4dfca0cdc84eec486d5c0a89b8b2f140ce51
  subpackages:
  - web/mutil
- name: gitlab.com/nyarla/go-crypt
  version: d9a5dc2b789bc330075d4b805d9b7c971f2865a1
- name: golang.org/x/sys
  version: 3b58ed4ad3395d483fc92d5d14123ce2c3581fec
  subpackages:
  - unix
  - windows
- name: google.golang.org/appengine
  version: 4216e58b9158e5f1c906f1aca75162a46a2ec88a
  subpackages:
  - cloudsql
- name: gopkg.in/yaml.v2
  version: 51d6538a90f86fe93ac480b35f37b2be17fef232
testImports: []
