hash: b25dda09bfdcaa35abb81cd2bbfc9a051468e73b2cef35ef2bf349e5daf76c82
updated: 2019-10-07T14:45:57.301833+03:00
imports:
- name: github.com/colinmarc/cdb
  version: 60f317823f7076bef6824144d9a1d5467c182928
- name: github.com/rs/zerolog
  version: b806a5ecbe5347ad9ef05121fea8f4acc65fa5fc
  subpackages:
  - internal/cbor
  - internal/json
  - log
- name: github.com/ugorji/go
  version: 23ab95ef5dc3b70286760af84ce2327a2b64ed62
  subpackages:
  - codec
- name: gopkg.in/yaml.v2
  version: f221b8435cfb71e54062f6c6e99e9ade30b124d5
testImports: []
